
Microsoft Visual Studio Solution File, Format Version 12.00
# Visual Studio 15
VisualStudioVersion = 15.0.28307.106
MinimumVisualStudioVersion = 10.0.40219.1
Project("{FAE04EC0-301F-11D3-BF4B-00C04F79EFBC}") = "FizzBuzz", "FizzBuzz\FizzBuzz.csproj", "{0EAE50A9-80EA-4CA6-A990-BD75A8548902}"
EndProject
Project("{FAE04EC0-301F-11D3-BF4B-00C04F79EFBC}") = "FizzBuzzUnitTests", "FizzBuzzUnitTest\FizzBuzzUnitTests.csproj", "{C5EE40BA-CD75-4540-886C-00FA1B56B62C}"
EndProject
Global
	GlobalSection(SolutionConfigurationPlatforms) = preSolution
		Debug|Any CPU = Debug|Any CPU
		Release|Any CPU = Release|Any CPU
	EndGlobalSection
	GlobalSection(ProjectConfigurationPlatforms) = postSolution
		{0EAE50A9-80EA-4CA6-A990-BD75A8548902}.Debug|Any CPU.ActiveCfg = Debug|Any CPU
		{0EAE50A9-80EA-4CA6-A990-BD75A8548902}.Debug|Any CPU.Build.0 = Debug|Any CPU
		{0EAE50A9-80EA-4CA6-A990-BD75A8548902}.Release|Any CPU.ActiveCfg = Release|Any CPU
		{0EAE50A9-80EA-4CA6-A990-BD75A8548902}.Release|Any CPU.Build.0 = Release|Any CPU
		{C5EE40BA-CD75-4540-886C-00FA1B56B62C}.Debug|Any CPU.ActiveCfg = Debug|Any CPU
		{C5EE40BA-CD75-4540-886C-00FA1B56B62C}.Debug|Any CPU.Build.0 = Debug|Any CPU
		{C5EE40BA-CD75-4540-886C-00FA1B56B62C}.Release|Any CPU.ActiveCfg = Release|Any CPU
		{C5EE40BA-CD75-4540-886C-00FA1B56B62C}.Release|Any CPU.Build.0 = Release|Any CPU
	EndGlobalSection
	GlobalSection(SolutionProperties) = preSolution
		HideSolutionNode = FALSE
	EndGlobalSection
	GlobalSection(ExtensibilityGlobals) = postSolution
		SolutionGuid = {FC46D0DA-AAE7-4E59-BBC9-3C25B727AF23}
	EndGlobalSection
EndGlobal
